// !$*UTF8*$!
{
	archiveVersion = 1;
	classes = {
	};
	objectVersion = 77;
	objects = {

/* Begin PBXBuildFile section */
		4E395CF92D25C3B200770232 /* Icon_64.png in Resources */ = {isa = PBXBuildFile; fileRef = 4E395CF42D25C3B200770232 /* Icon_64.png */; };
		4E395CFA2D25C3B200770232 /* Icon_32.png in Resources */ = {isa = PBXBuildFile; fileRef = 4E395CF32D25C3B200770232 /* Icon_32.png */; };
		4E395CFB2D25C3B200770232 /* Icon_256.png in Resources */ = {isa = PBXBuildFile; fileRef = 4E395CF62D25C3B200770232 /* Icon_256.png */; };
		4E395CFC2D25C3B200770232 /* Icon_128.png in Resources */ = {isa = PBXBuildFile; fileRef = 4E395CF52D25C3B200770232 /* Icon_128.png */; };
		4E395CFD2D25C3B200770232 /* Icon_16.png in Resources */ = {isa = PBXBuildFile; fileRef = 4E395CF22D25C3B200770232 /* Icon_16.png */; };
		4E395CFE2D25C3B200770232 /* Icon.png in Resources */ = {isa = PBXBuildFile; fileRef = 4E395CF82D25C3B200770232 /* Icon.png */; };
		4E395CFF2D25C3B200770232 /* Icon_512.png in Resources */ = {isa = PBXBuildFile; fileRef = 4E395CF72D25C3B200770232 /* Icon_512.png */; };
		4E395D002D25C3B200770232 /* Icon_64.png in Resources */ = {isa = PBXBuildFile; fileRef = 4E395CF42D25C3B200770232 /* Icon_64.png */; };
		4E395D012D25C3B200770232 /* Icon_32.png in Resources */ = {isa = PBXBuildFile; fileRef = 4E395CF32D25C3B200770232 /* Icon_32.png */; };
		4E395D022D25C3B200770232 /* Icon_256.png in Resources */ = {isa = PBXBuildFile; fileRef = 4E395CF62D25C3B200770232 /* Icon_256.png */; };
		4E395D032D25C3B200770232 /* Icon_128.png in Resources */ = {isa = PBXBuildFile; fileRef = 4E395CF52D25C3B200770232 /* Icon_128.png */; };
		4E395D042D25C3B200770232 /* Icon_16.png in Resources */ = {isa = PBXBuildFile; fileRef = 4E395CF22D25C3B200770232 /* Icon_16.png */; };
		4E395D052D25C3B200770232 /* Icon.png in Resources */ = {isa = PBXBuildFile; fileRef = 4E395CF82D25C3B200770232 /* Icon.png */; };
		4E395D062D25C3B200770232 /* Icon_512.png in Resources */ = {isa = PBXBuildFile; fileRef = 4E395CF72D25C3B200770232 /* Icon_512.png */; };
		4E3B27342D25A719008902FD /* AppDelegate.swift in Sources */ = {isa = PBXBuildFile; fileRef = 4E3B27332D25A719008902FD /* AppDelegate.swift */; };
		4E3B27362D25A719008902FD /* SceneDelegate.swift in Sources */ = {isa = PBXBuildFile; fileRef = 4E3B27352D25A719008902FD /* SceneDelegate.swift */; };
		4E3B27392D25A719008902FD /* LaunchScreen.storyboard in Resources */ = {isa = PBXBuildFile; fileRef = 4E3B27372D25A719008902FD /* LaunchScreen.storyboard */; };
		4E3B273C2D25A719008902FD /* Main.storyboard in Resources */ = {isa = PBXBuildFile; fileRef = 4E3B273A2D25A719008902FD /* Main.storyboard */; };
		4E3B27452D25A719008902FD /* AppDelegate.swift in Sources */ = {isa = PBXBuildFile; fileRef = 4E3B27442D25A719008902FD /* AppDelegate.swift */; };
		4E3B27482D25A719008902FD /* Main.storyboard in Resources */ = {isa = PBXBuildFile; fileRef = 4E3B27462D25A719008902FD /* Main.storyboard */; };
		4E3B27502D25A719008902FD /* Syrup Extension.appex in Embed Foundation Extensions */ = {isa = PBXBuildFile; fileRef = 4E3B274F2D25A719008902FD /* Syrup Extension.appex */; settings = {ATTRIBUTES = (RemoveHeadersOnCopy, ); }; };
		4E3B275A2D25A719008902FD /* Syrup Extension.appex in Embed Foundation Extensions */ = {isa = PBXBuildFile; fileRef = 4E3B27592D25A719008902FD /* Syrup Extension.appex */; settings = {ATTRIBUTES = (RemoveHeadersOnCopy, ); }; };
		4E3B27602D25A719008902FD /* Main.html in Resources */ = {isa = PBXBuildFile; fileRef = 4E3B27232D25A718008902FD /* Main.html */; };
		4E3B27612D25A719008902FD /* Main.html in Resources */ = {isa = PBXBuildFile; fileRef = 4E3B27232D25A718008902FD /* Main.html */; };
		4E3B27642D25A719008902FD /* Style.css in Resources */ = {isa = PBXBuildFile; fileRef = 4E3B27262D25A718008902FD /* Style.css */; };
		4E3B27652D25A719008902FD /* Style.css in Resources */ = {isa = PBXBuildFile; fileRef = 4E3B27262D25A718008902FD /* Style.css */; };
		4E3B27662D25A719008902FD /* Script.js in Resources */ = {isa = PBXBuildFile; fileRef = 4E3B27272D25A718008902FD /* Script.js */; };
		4E3B27672D25A719008902FD /* Script.js in Resources */ = {isa = PBXBuildFile; fileRef = 4E3B27272D25A718008902FD /* Script.js */; };
		4E3B27682D25A719008902FD /* ViewController.swift in Sources */ = {isa = PBXBuildFile; fileRef = 4E3B27282D25A718008902FD /* ViewController.swift */; };
		4E3B27692D25A719008902FD /* ViewController.swift in Sources */ = {isa = PBXBuildFile; fileRef = 4E3B27282D25A718008902FD /* ViewController.swift */; };
		4E3B276A2D25A719008902FD /* Assets.xcassets in Resources */ = {isa = PBXBuildFile; fileRef = 4E3B27292D25A719008902FD /* Assets.xcassets */; };
		4E3B276B2D25A719008902FD /* Assets.xcassets in Resources */ = {isa = PBXBuildFile; fileRef = 4E3B27292D25A719008902FD /* Assets.xcassets */; };
		4E3B276C2D25A719008902FD /* SafariWebExtensionHandler.swift in Sources */ = {isa = PBXBuildFile; fileRef = 4E3B272B2D25A719008902FD /* SafariWebExtensionHandler.swift */; };
		4E3B276D2D25A719008902FD /* SafariWebExtensionHandler.swift in Sources */ = {isa = PBXBuildFile; fileRef = 4E3B272B2D25A719008902FD /* SafariWebExtensionHandler.swift */; };
		4E3B27852D25A719008902FD /* index.html in Resources */ = {isa = PBXBuildFile; fileRef = 4E3B277F2D25A719008902FD /* index.html */; };
		4E3B27862D25A719008902FD /* background.js in Resources */ = {isa = PBXBuildFile; fileRef = 4E3B27802D25A719008902FD /* background.js */; };
		4E3B27872D25A719008902FD /* icons in Resources */ = {isa = PBXBuildFile; fileRef = 4E3B27812D25A719008902FD /* icons */; };
		4E3B27882D25A719008902FD /* manifest.json in Resources */ = {isa = PBXBuildFile; fileRef = 4E3B27822D25A719008902FD /* manifest.json */; };
		4E3B27892D25A719008902FD /* content.js in Resources */ = {isa = PBXBuildFile; fileRef = 4E3B27832D25A719008902FD /* content.js */; };
		4E3B278A2D25A719008902FD /* assets in Resources */ = {isa = PBXBuildFile; fileRef = 4E3B27842D25A719008902FD /* assets */; };
		4E3B278B2D25A719008902FD /* index.html in Resources */ = {isa = PBXBuildFile; fileRef = 4E3B277F2D25A719008902FD /* index.html */; };
		4E3B278C2D25A719008902FD /* background.js in Resources */ = {isa = PBXBuildFile; fileRef = 4E3B27802D25A719008902FD /* background.js */; };
		4E3B278D2D25A719008902FD /* icons in Resources */ = {isa = PBXBuildFile; fileRef = 4E3B27812D25A719008902FD /* icons */; };
		4E3B278E2D25A719008902FD /* manifest.json in Resources */ = {isa = PBXBuildFile; fileRef = 4E3B27822D25A719008902FD /* manifest.json */; };
		4E3B278F2D25A719008902FD /* content.js in Resources */ = {isa = PBXBuildFile; fileRef = 4E3B27832D25A719008902FD /* content.js */; };
		4E3B27902D25A719008902FD /* assets in Resources */ = {isa = PBXBuildFile; fileRef = 4E3B27842D25A719008902FD /* assets */; };
/* End PBXBuildFile section */

/* Begin PBXContainerItemProxy section */
		4E3B27512D25A719008902FD /* PBXContainerItemProxy */ = {
			isa = PBXContainerItemProxy;
			containerPortal = 4E3B271D2D25A718008902FD /* Project object */;
			proxyType = 1;
			remoteGlobalIDString = 4E3B274E2D25A719008902FD;
			remoteInfo = "Syrup Extension (iOS)";
		};
		4E3B275B2D25A719008902FD /* PBXContainerItemProxy */ = {
			isa = PBXContainerItemProxy;
			containerPortal = 4E3B271D2D25A718008902FD /* Project object */;
			proxyType = 1;
			remoteGlobalIDString = 4E3B27582D25A719008902FD;
			remoteInfo = "Syrup Extension (macOS)";
		};
/* End PBXContainerItemProxy section */

/* Begin PBXCopyFilesBuildPhase section */
		4E3B27732D25A719008902FD /* Embed Foundation Extensions */ = {
			isa = PBXCopyFilesBuildPhase;
			buildActionMask = 2147483647;
			dstPath = "";
			dstSubfolderSpec = 13;
			files = (
				4E3B27502D25A719008902FD /* Syrup Extension.appex in Embed Foundation Extensions */,
			);
			name = "Embed Foundation Extensions";
			runOnlyForDeploymentPostprocessing = 0;
		};
		4E3B277A2D25A719008902FD /* Embed Foundation Extensions */ = {
			isa = PBXCopyFilesBuildPhase;
			buildActionMask = 2147483647;
			dstPath = "";
			dstSubfolderSpec = 13;
			files = (
				4E3B275A2D25A719008902FD /* Syrup Extension.appex in Embed Foundation Extensions */,
			);
			name = "Embed Foundation Extensions";
			runOnlyForDeploymentPostprocessing = 0;
		};
/* End PBXCopyFilesBuildPhase section */

/* Begin PBXFileReference section */
		4E395CF22D25C3B200770232 /* Icon_16.png */ = {isa = PBXFileReference; lastKnownFileType = image.png; path = Icon_16.png; sourceTree = "<group>"; };
		4E395CF32D25C3B200770232 /* Icon_32.png */ = {isa = PBXFileReference; lastKnownFileType = image.png; path = Icon_32.png; sourceTree = "<group>"; };
		4E395CF42D25C3B200770232 /* Icon_64.png */ = {isa = PBXFileReference; lastKnownFileType = image.png; path = Icon_64.png; sourceTree = "<group>"; };
		4E395CF52D25C3B200770232 /* Icon_128.png */ = {isa = PBXFileReference; lastKnownFileType = image.png; path = Icon_128.png; sourceTree = "<group>"; };
		4E395CF62D25C3B200770232 /* Icon_256.png */ = {isa = PBXFileReference; lastKnownFileType = image.png; path = Icon_256.png; sourceTree = "<group>"; };
		4E395CF72D25C3B200770232 /* Icon_512.png */ = {isa = PBXFileReference; lastKnownFileType = image.png; path = Icon_512.png; sourceTree = "<group>"; };
		4E395CF82D25C3B200770232 /* Icon.png */ = {isa = PBXFileReference; lastKnownFileType = image.png; path = Icon.png; sourceTree = "<group>"; };
		4E3B27242D25A718008902FD /* Base */ = {isa = PBXFileReference; lastKnownFileType = text.html; name = Base; path = Base.lproj/Main.html; sourceTree = "<group>"; };
		4E3B27262D25A718008902FD /* Style.css */ = {isa = PBXFileReference; lastKnownFileType = text.css; path = Style.css; sourceTree = "<group>"; };
		4E3B27272D25A718008902FD /* Script.js */ = {isa = PBXFileReference; lastKnownFileType = sourcecode.javascript; path = Script.js; sourceTree = "<group>"; };
		4E3B27282D25A718008902FD /* ViewController.swift */ = {isa = PBXFileReference; lastKnownFileType = sourcecode.swift; path = ViewController.swift; sourceTree = "<group>"; };
		4E3B27292D25A719008902FD /* Assets.xcassets */ = {isa = PBXFileReference; lastKnownFileType = folder.assetcatalog; path = Assets.xcassets; sourceTree = "<group>"; };
		4E3B272B2D25A719008902FD /* SafariWebExtensionHandler.swift */ = {isa = PBXFileReference; lastKnownFileType = sourcecode.swift; path = SafariWebExtensionHandler.swift; sourceTree = "<group>"; };
		4E3B27302D25A719008902FD /* Syrup.app */ = {isa = PBXFileReference; explicitFileType = wrapper.application; includeInIndex = 0; path = Syrup.app; sourceTree = BUILT_PRODUCTS_DIR; };
		4E3B27332D25A719008902FD /* AppDelegate.swift */ = {isa = PBXFileReference; lastKnownFileType = sourcecode.swift; path = AppDelegate.swift; sourceTree = "<group>"; };
		4E3B27352D25A719008902FD /* SceneDelegate.swift */ = {isa = PBXFileReference; lastKnownFileType = sourcecode.swift; path = SceneDelegate.swift; sourceTree = "<group>"; };
		4E3B27382D25A719008902FD /* Base */ = {isa = PBXFileReference; lastKnownFileType = file.storyboard; name = Base; path = Base.lproj/LaunchScreen.storyboard; sourceTree = "<group>"; };
		4E3B273B2D25A719008902FD /* Base */ = {isa = PBXFileReference; lastKnownFileType = file.storyboard; name = Base; path = Base.lproj/Main.storyboard; sourceTree = "<group>"; };
		4E3B273D2D25A719008902FD /* Info.plist */ = {isa = PBXFileReference; lastKnownFileType = text.plist.xml; path = Info.plist; sourceTree = "<group>"; };
		4E3B27422D25A719008902FD /* Syrup.app */ = {isa = PBXFileReference; explicitFileType = wrapper.application; includeInIndex = 0; path = Syrup.app; sourceTree = BUILT_PRODUCTS_DIR; };
		4E3B27442D25A719008902FD /* AppDelegate.swift */ = {isa = PBXFileReference; lastKnownFileType = sourcecode.swift; path = AppDelegate.swift; sourceTree = "<group>"; };
		4E3B27472D25A719008902FD /* Base */ = {isa = PBXFileReference; lastKnownFileType = file.storyboard; name = Base; path = Base.lproj/Main.storyboard; sourceTree = "<group>"; };
		4E3B27492D25A719008902FD /* Info.plist */ = {isa = PBXFileReference; lastKnownFileType = text.plist.xml; path = Info.plist; sourceTree = "<group>"; };
		4E3B274A2D25A719008902FD /* Syrup.entitlements */ = {isa = PBXFileReference; lastKnownFileType = text.plist.entitlements; path = Syrup.entitlements; sourceTree = "<group>"; };
		4E3B274F2D25A719008902FD /* Syrup Extension.appex */ = {isa = PBXFileReference; explicitFileType = "wrapper.app-extension"; includeInIndex = 0; path = "Syrup Extension.appex"; sourceTree = BUILT_PRODUCTS_DIR; };
		4E3B27542D25A719008902FD /* Info.plist */ = {isa = PBXFileReference; lastKnownFileType = text.plist.xml; path = Info.plist; sourceTree = "<group>"; };
		4E3B27592D25A719008902FD /* Syrup Extension.appex */ = {isa = PBXFileReference; explicitFileType = "wrapper.app-extension"; includeInIndex = 0; path = "Syrup Extension.appex"; sourceTree = BUILT_PRODUCTS_DIR; };
		4E3B275E2D25A719008902FD /* Info.plist */ = {isa = PBXFileReference; lastKnownFileType = text.plist.xml; path = Info.plist; sourceTree = "<group>"; };
		4E3B275F2D25A719008902FD /* Syrup.entitlements */ = {isa = PBXFileReference; lastKnownFileType = text.plist.entitlements; path = Syrup.entitlements; sourceTree = "<group>"; };
		4E3B277F2D25A719008902FD /* index.html */ = {isa = PBXFileReference; lastKnownFileType = text.html; name = index.html; path = "../../Extension-React/dist/index.html"; sourceTree = "<group>"; };
		4E3B27802D25A719008902FD /* background.js */ = {isa = PBXFileReference; lastKnownFileType = sourcecode.javascript; name = background.js; path = "../../Extension-React/dist/background.js"; sourceTree = "<group>"; };
		4E3B27812D25A719008902FD /* icons */ = {isa = PBXFileReference; lastKnownFileType = folder; name = icons; path = "../../Extension-React/dist/icons"; sourceTree = "<group>"; };
		4E3B27822D25A719008902FD /* manifest.json */ = {isa = PBXFileReference; lastKnownFileType = text.json; name = manifest.json; path = "../../Extension-React/dist/manifest.json"; sourceTree = "<group>"; };
		4E3B27832D25A719008902FD /* content.js */ = {isa = PBXFileReference; lastKnownFileType = sourcecode.javascript; name = content.js; path = "../../Extension-React/dist/content.js"; sourceTree = "<group>"; };
		4E3B27842D25A719008902FD /* assets */ = {isa = PBXFileReference; lastKnownFileType = folder; name = assets; path = "../../Extension-React/dist/assets"; sourceTree = "<group>"; };
/* End PBXFileReference section */

/* Begin PBXFrameworksBuildPhase section */
		4E3B272D2D25A719008902FD /* Frameworks */ = {
			isa = PBXFrameworksBuildPhase;
			buildActionMask = 2147483647;
			files = (
			);
			runOnlyForDeploymentPostprocessing = 0;
		};
		4E3B273F2D25A719008902FD /* Frameworks */ = {
			isa = PBXFrameworksBuildPhase;
			buildActionMask = 2147483647;
			files = (
			);
			runOnlyForDeploymentPostprocessing = 0;
		};
		4E3B274C2D25A719008902FD /* Frameworks */ = {
			isa = PBXFrameworksBuildPhase;
			buildActionMask = 2147483647;
			files = (
			);
			runOnlyForDeploymentPostprocessing = 0;
		};
		4E3B27562D25A719008902FD /* Frameworks */ = {
			isa = PBXFrameworksBuildPhase;
			buildActionMask = 2147483647;
			files = (
			);
			runOnlyForDeploymentPostprocessing = 0;
		};
/* End PBXFrameworksBuildPhase section */

/* Begin PBXGroup section */
		4E3B271C2D25A718008902FD = {
			isa = PBXGroup;
			children = (
				4E3B27212D25A718008902FD /* Shared (App) */,
				4E3B272A2D25A719008902FD /* Shared (Extension) */,
				4E3B27322D25A719008902FD /* iOS (App) */,
				4E3B27432D25A719008902FD /* macOS (App) */,
				4E3B27532D25A719008902FD /* iOS (Extension) */,
				4E3B275D2D25A719008902FD /* macOS (Extension) */,
				4E3B27312D25A719008902FD /* Products */,
			);
			sourceTree = "<group>";
		};
		4E3B27212D25A718008902FD /* Shared (App) */ = {
			isa = PBXGroup;
			children = (
				4E3B27282D25A718008902FD /* ViewController.swift */,
				4E3B27292D25A719008902FD /* Assets.xcassets */,
				4E3B27222D25A718008902FD /* Resources */,
			);
			path = "Shared (App)";
			sourceTree = "<group>";
		};
		4E3B27222D25A718008902FD /* Resources */ = {
			isa = PBXGroup;
			children = (
				4E3B27232D25A718008902FD /* Main.html */,
				4E3B27262D25A718008902FD /* Style.css */,
				4E3B27272D25A718008902FD /* Script.js */,
				4E395CF22D25C3B200770232 /* Icon_16.png */,
				4E395CF32D25C3B200770232 /* Icon_32.png */,
				4E395CF42D25C3B200770232 /* Icon_64.png */,
				4E395CF52D25C3B200770232 /* Icon_128.png */,
				4E395CF62D25C3B200770232 /* Icon_256.png */,
				4E395CF72D25C3B200770232 /* Icon_512.png */,
				4E395CF82D25C3B200770232 /* Icon.png */,
			);
			path = Resources;
			sourceTree = "<group>";
		};
		4E3B272A2D25A719008902FD /* Shared (Extension) */ = {
			isa = PBXGroup;
			children = (
				4E3B277E2D25A719008902FD /* Resources */,
				4E3B272B2D25A719008902FD /* SafariWebExtensionHandler.swift */,
			);
			path = "Shared (Extension)";
			sourceTree = "<group>";
		};
		4E3B27312D25A719008902FD /* Products */ = {
			isa = PBXGroup;
			children = (
				4E3B27302D25A719008902FD /* Syrup.app */,
				4E3B27422D25A719008902FD /* Syrup.app */,
				4E3B274F2D25A719008902FD /* Syrup Extension.appex */,
				4E3B27592D25A719008902FD /* Syrup Extension.appex */,
			);
			name = Products;
			sourceTree = "<group>";
		};
		4E3B27322D25A719008902FD /* iOS (App) */ = {
			isa = PBXGroup;
			children = (
				4E3B27332D25A719008902FD /* AppDelegate.swift */,
				4E3B27352D25A719008902FD /* SceneDelegate.swift */,
				4E3B27372D25A719008902FD /* LaunchScreen.storyboard */,
				4E3B273A2D25A719008902FD /* Main.storyboard */,
				4E3B273D2D25A719008902FD /* Info.plist */,
			);
			path = "iOS (App)";
			sourceTree = "<group>";
		};
		4E3B27432D25A719008902FD /* macOS (App) */ = {
			isa = PBXGroup;
			children = (
				4E3B27442D25A719008902FD /* AppDelegate.swift */,
				4E3B27462D25A719008902FD /* Main.storyboard */,
				4E3B27492D25A719008902FD /* Info.plist */,
				4E3B274A2D25A719008902FD /* Syrup.entitlements */,
			);
			path = "macOS (App)";
			sourceTree = "<group>";
		};
		4E3B27532D25A719008902FD /* iOS (Extension) */ = {
			isa = PBXGroup;
			children = (
				4E3B27542D25A719008902FD /* Info.plist */,
			);
			path = "iOS (Extension)";
			sourceTree = "<group>";
		};
		4E3B275D2D25A719008902FD /* macOS (Extension) */ = {
			isa = PBXGroup;
			children = (
				4E3B275E2D25A719008902FD /* Info.plist */,
				4E3B275F2D25A719008902FD /* Syrup.entitlements */,
			);
			path = "macOS (Extension)";
			sourceTree = "<group>";
		};
		4E3B277E2D25A719008902FD /* Resources */ = {
			isa = PBXGroup;
			children = (
				4E3B277F2D25A719008902FD /* index.html */,
				4E3B27802D25A719008902FD /* background.js */,
				4E3B27812D25A719008902FD /* icons */,
				4E3B27822D25A719008902FD /* manifest.json */,
				4E3B27832D25A719008902FD /* content.js */,
				4E3B27842D25A719008902FD /* assets */,
			);
			name = Resources;
			path = "Shared (Extension)";
			sourceTree = SOURCE_ROOT;
		};
/* End PBXGroup section */

/* Begin PBXNativeTarget section */
		4E3B272F2D25A719008902FD /* Syrup (iOS) */ = {
			isa = PBXNativeTarget;
			buildConfigurationList = 4E3B27742D25A719008902FD /* Build configuration list for PBXNativeTarget "Syrup (iOS)" */;
			buildPhases = (
				4E3B272C2D25A719008902FD /* Sources */,
				4E3B272D2D25A719008902FD /* Frameworks */,
				4E3B272E2D25A719008902FD /* Resources */,
				4E3B27732D25A719008902FD /* Embed Foundation Extensions */,
			);
			buildRules = (
			);
			dependencies = (
				4E3B27522D25A719008902FD /* PBXTargetDependency */,
			);
			name = "Syrup (iOS)";
			packageProductDependencies = (
			);
			productName = "Syrup (iOS)";
			productReference = 4E3B27302D25A719008902FD /* Syrup.app */;
			productType = "com.apple.product-type.application";
		};
		4E3B27412D25A719008902FD /* Syrup (macOS) */ = {
			isa = PBXNativeTarget;
			buildConfigurationList = 4E3B277B2D25A719008902FD /* Build configuration list for PBXNativeTarget "Syrup (macOS)" */;
			buildPhases = (
				4E3B273E2D25A719008902FD /* Sources */,
				4E3B273F2D25A719008902FD /* Frameworks */,
				4E3B27402D25A719008902FD /* Resources */,
				4E3B277A2D25A719008902FD /* Embed Foundation Extensions */,
			);
			buildRules = (
			);
			dependencies = (
				4E3B275C2D25A719008902FD /* PBXTargetDependency */,
			);
			name = "Syrup (macOS)";
			packageProductDependencies = (
			);
			productName = "Syrup (macOS)";
			productReference = 4E3B27422D25A719008902FD /* Syrup.app */;
			productType = "com.apple.product-type.application";
		};
		4E3B274E2D25A719008902FD /* Syrup Extension (iOS) */ = {
			isa = PBXNativeTarget;
			buildConfigurationList = 4E3B27702D25A719008902FD /* Build configuration list for PBXNativeTarget "Syrup Extension (iOS)" */;
			buildPhases = (
				4E3B274B2D25A719008902FD /* Sources */,
				4E3B274C2D25A719008902FD /* Frameworks */,
				4E3B274D2D25A719008902FD /* Resources */,
			);
			buildRules = (
			);
			dependencies = (
			);
			name = "Syrup Extension (iOS)";
			packageProductDependencies = (
			);
			productName = "Syrup Extension (iOS)";
			productReference = 4E3B274F2D25A719008902FD /* Syrup Extension.appex */;
			productType = "com.apple.product-type.app-extension";
		};
		4E3B27582D25A719008902FD /* Syrup Extension (macOS) */ = {
			isa = PBXNativeTarget;
			buildConfigurationList = 4E3B27772D25A719008902FD /* Build configuration list for PBXNativeTarget "Syrup Extension (macOS)" */;
			buildPhases = (
				4E3B27552D25A719008902FD /* Sources */,
				4E3B27562D25A719008902FD /* Frameworks */,
				4E3B27572D25A719008902FD /* Resources */,
			);
			buildRules = (
			);
			dependencies = (
			);
			name = "Syrup Extension (macOS)";
			packageProductDependencies = (
			);
			productName = "Syrup Extension (macOS)";
			productReference = 4E3B27592D25A719008902FD /* Syrup Extension.appex */;
			productType = "com.apple.product-type.app-extension";
		};
/* End PBXNativeTarget section */

/* Begin PBXProject section */
		4E3B271D2D25A718008902FD /* Project object */ = {
			isa = PBXProject;
			attributes = {
				BuildIndependentTargetsInParallel = 1;
				LastSwiftUpdateCheck = 1620;
				LastUpgradeCheck = 1620;
				TargetAttributes = {
					4E3B272F2D25A719008902FD = {
						CreatedOnToolsVersion = 16.2;
					};
					4E3B27412D25A719008902FD = {
						CreatedOnToolsVersion = 16.2;
					};
					4E3B274E2D25A719008902FD = {
						CreatedOnToolsVersion = 16.2;
					};
					4E3B27582D25A719008902FD = {
						CreatedOnToolsVersion = 16.2;
					};
				};
			};
			buildConfigurationList = 4E3B27202D25A718008902FD /* Build configuration list for PBXProject "Syrup" */;
			developmentRegion = en;
			hasScannedForEncodings = 0;
			knownRegions = (
				en,
				Base,
			);
			mainGroup = 4E3B271C2D25A718008902FD;
			minimizedProjectReferenceProxies = 1;
			preferredProjectObjectVersion = 77;
			productRefGroup = 4E3B27312D25A719008902FD /* Products */;
			projectDirPath = "";
			projectRoot = "";
			targets = (
				4E3B272F2D25A719008902FD /* Syrup (iOS) */,
				4E3B27412D25A719008902FD /* Syrup (macOS) */,
				4E3B274E2D25A719008902FD /* Syrup Extension (iOS) */,
				4E3B27582D25A719008902FD /* Syrup Extension (macOS) */,
			);
		};
/* End PBXProject section */

/* Begin PBXResourcesBuildPhase section */
		4E3B272E2D25A719008902FD /* Resources */ = {
			isa = PBXResourcesBuildPhase;
			buildActionMask = 2147483647;
			files = (
				4E3B27392D25A719008902FD /* LaunchScreen.storyboard in Resources */,
				4E3B27602D25A719008902FD /* Main.html in Resources */,
				4E3B27662D25A719008902FD /* Script.js in Resources */,
				4E3B276A2D25A719008902FD /* Assets.xcassets in Resources */,
				4E395D002D25C3B200770232 /* Icon_64.png in Resources */,
				4E395D012D25C3B200770232 /* Icon_32.png in Resources */,
				4E395D022D25C3B200770232 /* Icon_256.png in Resources */,
				4E395D032D25C3B200770232 /* Icon_128.png in Resources */,
				4E395D042D25C3B200770232 /* Icon_16.png in Resources */,
				4E395D052D25C3B200770232 /* Icon.png in Resources */,
				4E395D062D25C3B200770232 /* Icon_512.png in Resources */,
				4E3B273C2D25A719008902FD /* Main.storyboard in Resources */,
				4E3B27642D25A719008902FD /* Style.css in Resources */,
			);
			runOnlyForDeploymentPostprocessing = 0;
		};
		4E3B27402D25A719008902FD /* Resources */ = {
			isa = PBXResourcesBuildPhase;
			buildActionMask = 2147483647;
			files = (
				4E3B27652D25A719008902FD /* Style.css in Resources */,
				4E395CF92D25C3B200770232 /* Icon_64.png in Resources */,
				4E395CFA2D25C3B200770232 /* Icon_32.png in Resources */,
				4E395CFB2D25C3B200770232 /* Icon_256.png in Resources */,
				4E395CFC2D25C3B200770232 /* Icon_128.png in Resources */,
				4E395CFD2D25C3B200770232 /* Icon_16.png in Resources */,
				4E395CFE2D25C3B200770232 /* Icon.png in Resources */,
				4E395CFF2D25C3B200770232 /* Icon_512.png in Resources */,
				4E3B27482D25A719008902FD /* Main.storyboard in Resources */,
				4E3B27672D25A719008902FD /* Script.js in Resources */,
				4E3B276B2D25A719008902FD /* Assets.xcassets in Resources */,
				4E3B27612D25A719008902FD /* Main.html in Resources */,
			);
			runOnlyForDeploymentPostprocessing = 0;
		};
		4E3B274D2D25A719008902FD /* Resources */ = {
			isa = PBXResourcesBuildPhase;
			buildActionMask = 2147483647;
			files = (
				4E3B278E2D25A719008902FD /* manifest.json in Resources */,
				4E3B278D2D25A719008902FD /* icons in Resources */,
				4E3B278C2D25A719008902FD /* background.js in Resources */,
				4E3B27902D25A719008902FD /* assets in Resources */,
				4E3B278B2D25A719008902FD /* index.html in Resources */,
				4E3B278F2D25A719008902FD /* content.js in Resources */,
			);
			runOnlyForDeploymentPostprocessing = 0;
		};
		4E3B27572D25A719008902FD /* Resources */ = {
			isa = PBXResourcesBuildPhase;
			buildActionMask = 2147483647;
			files = (
				4E3B27882D25A719008902FD /* manifest.json in Resources */,
				4E3B27872D25A719008902FD /* icons in Resources */,
				4E3B27862D25A719008902FD /* background.js in Resources */,
				4E3B278A2D25A719008902FD /* assets in Resources */,
				4E3B27852D25A719008902FD /* index.html in Resources */,
				4E3B27892D25A719008902FD /* content.js in Resources */,
			);
			runOnlyForDeploymentPostprocessing = 0;
		};
/* End PBXResourcesBuildPhase section */

/* Begin PBXSourcesBuildPhase section */
		4E3B272C2D25A719008902FD /* Sources */ = {
			isa = PBXSourcesBuildPhase;
			buildActionMask = 2147483647;
			files = (
				4E3B27682D25A719008902FD /* ViewController.swift in Sources */,
				4E3B27342D25A719008902FD /* AppDelegate.swift in Sources */,
				4E3B27362D25A719008902FD /* SceneDelegate.swift in Sources */,
			);
			runOnlyForDeploymentPostprocessing = 0;
		};
		4E3B273E2D25A719008902FD /* Sources */ = {
			isa = PBXSourcesBuildPhase;
			buildActionMask = 2147483647;
			files = (
				4E3B27692D25A719008902FD /* ViewController.swift in Sources */,
				4E3B27452D25A719008902FD /* AppDelegate.swift in Sources */,
			);
			runOnlyForDeploymentPostprocessing = 0;
		};
		4E3B274B2D25A719008902FD /* Sources */ = {
			isa = PBXSourcesBuildPhase;
			buildActionMask = 2147483647;
			files = (
				4E3B276C2D25A719008902FD /* SafariWebExtensionHandler.swift in Sources */,
			);
			runOnlyForDeploymentPostprocessing = 0;
		};
		4E3B27552D25A719008902FD /* Sources */ = {
			isa = PBXSourcesBuildPhase;
			buildActionMask = 2147483647;
			files = (
				4E3B276D2D25A719008902FD /* SafariWebExtensionHandler.swift in Sources */,
			);
			runOnlyForDeploymentPostprocessing = 0;
		};
/* End PBXSourcesBuildPhase section */

/* Begin PBXTargetDependency section */
		4E3B27522D25A719008902FD /* PBXTargetDependency */ = {
			isa = PBXTargetDependency;
			target = 4E3B274E2D25A719008902FD /* Syrup Extension (iOS) */;
			targetProxy = 4E3B27512D25A719008902FD /* PBXContainerItemProxy */;
		};
		4E3B275C2D25A719008902FD /* PBXTargetDependency */ = {
			isa = PBXTargetDependency;
			target = 4E3B27582D25A719008902FD /* Syrup Extension (macOS) */;
			targetProxy = 4E3B275B2D25A719008902FD /* PBXContainerItemProxy */;
		};
/* End PBXTargetDependency section */

/* Begin PBXVariantGroup section */
		4E3B27232D25A718008902FD /* Main.html */ = {
			isa = PBXVariantGroup;
			children = (
				4E3B27242D25A718008902FD /* Base */,
			);
			name = Main.html;
			sourceTree = "<group>";
		};
		4E3B27372D25A719008902FD /* LaunchScreen.storyboard */ = {
			isa = PBXVariantGroup;
			children = (
				4E3B27382D25A719008902FD /* Base */,
			);
			name = LaunchScreen.storyboard;
			sourceTree = "<group>";
		};
		4E3B273A2D25A719008902FD /* Main.storyboard */ = {
			isa = PBXVariantGroup;
			children = (
				4E3B273B2D25A719008902FD /* Base */,
			);
			name = Main.storyboard;
			sourceTree = "<group>";
		};
		4E3B27462D25A719008902FD /* Main.storyboard */ = {
			isa = PBXVariantGroup;
			children = (
				4E3B27472D25A719008902FD /* Base */,
			);
			name = Main.storyboard;
			sourceTree = "<group>";
		};
/* End PBXVariantGroup section */

/* Begin XCBuildConfiguration section */
		4E3B276E2D25A719008902FD /* Debug */ = {
			isa = XCBuildConfiguration;
			buildSettings = {
				ALWAYS_SEARCH_USER_PATHS = NO;
				ASSETCATALOG_COMPILER_GENERATE_SWIFT_ASSET_SYMBOL_EXTENSIONS = YES;
				CLANG_ANALYZER_NONNULL = YES;
				CLANG_ANALYZER_NUMBER_OBJECT_CONVERSION = YES_AGGRESSIVE;
				CLANG_CXX_LANGUAGE_STANDARD = "gnu++20";
				CLANG_ENABLE_MODULES = YES;
				CLANG_ENABLE_OBJC_ARC = YES;
				CLANG_ENABLE_OBJC_WEAK = YES;
				CLANG_WARN_BLOCK_CAPTURE_AUTORELEASING = YES;
				CLANG_WARN_BOOL_CONVERSION = YES;
				CLANG_WARN_COMMA = YES;
				CLANG_WARN_CONSTANT_CONVERSION = YES;
				CLANG_WARN_DEPRECATED_OBJC_IMPLEMENTATIONS = YES;
				CLANG_WARN_DIRECT_OBJC_ISA_USAGE = YES_ERROR;
				CLANG_WARN_DOCUMENTATION_COMMENTS = YES;
				CLANG_WARN_EMPTY_BODY = YES;
				CLANG_WARN_ENUM_CONVERSION = YES;
				CLANG_WARN_INFINITE_RECURSION = YES;
				CLANG_WARN_INT_CONVERSION = YES;
				CLANG_WARN_NON_LITERAL_NULL_CONVERSION = YES;
				CLANG_WARN_OBJC_IMPLICIT_RETAIN_SELF = YES;
				CLANG_WARN_OBJC_LITERAL_CONVERSION = YES;
				CLANG_WARN_OBJC_ROOT_CLASS = YES_ERROR;
				CLANG_WARN_QUOTED_INCLUDE_IN_FRAMEWORK_HEADER = YES;
				CLANG_WARN_RANGE_LOOP_ANALYSIS = YES;
				CLANG_WARN_STRICT_PROTOTYPES = YES;
				CLANG_WARN_SUSPICIOUS_MOVE = YES;
				CLANG_WARN_UNGUARDED_AVAILABILITY = YES_AGGRESSIVE;
				CLANG_WARN_UNREACHABLE_CODE = YES;
				CLANG_WARN__DUPLICATE_METHOD_MATCH = YES;
				COPY_PHASE_STRIP = NO;
				DEBUG_INFORMATION_FORMAT = dwarf;
				ENABLE_STRICT_OBJC_MSGSEND = YES;
				ENABLE_TESTABILITY = YES;
				ENABLE_USER_SCRIPT_SANDBOXING = YES;
				GCC_C_LANGUAGE_STANDARD = gnu17;
				GCC_DYNAMIC_NO_PIC = NO;
				GCC_NO_COMMON_BLOCKS = YES;
				GCC_OPTIMIZATION_LEVEL = 0;
				GCC_PREPROCESSOR_DEFINITIONS = (
					"DEBUG=1",
					"$(inherited)",
				);
				GCC_WARN_64_TO_32_BIT_CONVERSION = YES;
				GCC_WARN_ABOUT_RETURN_TYPE = YES_ERROR;
				GCC_WARN_UNDECLARED_SELECTOR = YES;
				GCC_WARN_UNINITIALIZED_AUTOS = YES_AGGRESSIVE;
				GCC_WARN_UNUSED_FUNCTION = YES;
				GCC_WARN_UNUSED_VARIABLE = YES;
				LOCALIZATION_PREFERS_STRING_CATALOGS = YES;
				MTL_ENABLE_DEBUG_INFO = INCLUDE_SOURCE;
				MTL_FAST_MATH = YES;
				ONLY_ACTIVE_ARCH = YES;
				SWIFT_ACTIVE_COMPILATION_CONDITIONS = "DEBUG $(inherited)";
				SWIFT_OPTIMIZATION_LEVEL = "-Onone";
			};
			name = Debug;
		};
		4E3B276F2D25A719008902FD /* Release */ = {
			isa = XCBuildConfiguration;
			buildSettings = {
				ALWAYS_SEARCH_USER_PATHS = NO;
				ASSETCATALOG_COMPILER_GENERATE_SWIFT_ASSET_SYMBOL_EXTENSIONS = YES;
				CLANG_ANALYZER_NONNULL = YES;
				CLANG_ANALYZER_NUMBER_OBJECT_CONVERSION = YES_AGGRESSIVE;
				CLANG_CXX_LANGUAGE_STANDARD = "gnu++20";
				CLANG_ENABLE_MODULES = YES;
				CLANG_ENABLE_OBJC_ARC = YES;
				CLANG_ENABLE_OBJC_WEAK = YES;
				CLANG_WARN_BLOCK_CAPTURE_AUTORELEASING = YES;
				CLANG_WARN_BOOL_CONVERSION = YES;
				CLANG_WARN_COMMA = YES;
				CLANG_WARN_CONSTANT_CONVERSION = YES;
				CLANG_WARN_DEPRECATED_OBJC_IMPLEMENTATIONS = YES;
				CLANG_WARN_DIRECT_OBJC_ISA_USAGE = YES_ERROR;
				CLANG_WARN_DOCUMENTATION_COMMENTS = YES;
				CLANG_WARN_EMPTY_BODY = YES;
				CLANG_WARN_ENUM_CONVERSION = YES;
				CLANG_WARN_INFINITE_RECURSION = YES;
				CLANG_WARN_INT_CONVERSION = YES;
				CLANG_WARN_NON_LITERAL_NULL_CONVERSION = YES;
				CLANG_WARN_OBJC_IMPLICIT_RETAIN_SELF = YES;
				CLANG_WARN_OBJC_LITERAL_CONVERSION = YES;
				CLANG_WARN_OBJC_ROOT_CLASS = YES_ERROR;
				CLANG_WARN_QUOTED_INCLUDE_IN_FRAMEWORK_HEADER = YES;
				CLANG_WARN_RANGE_LOOP_ANALYSIS = YES;
				CLANG_WARN_STRICT_PROTOTYPES = YES;
				CLANG_WARN_SUSPICIOUS_MOVE = YES;
				CLANG_WARN_UNGUARDED_AVAILABILITY = YES_AGGRESSIVE;
				CLANG_WARN_UNREACHABLE_CODE = YES;
				CLANG_WARN__DUPLICATE_METHOD_MATCH = YES;
				COPY_PHASE_STRIP = NO;
				DEBUG_INFORMATION_FORMAT = "dwarf-with-dsym";
				ENABLE_NS_ASSERTIONS = NO;
				ENABLE_STRICT_OBJC_MSGSEND = YES;
				ENABLE_USER_SCRIPT_SANDBOXING = YES;
				GCC_C_LANGUAGE_STANDARD = gnu17;
				GCC_NO_COMMON_BLOCKS = YES;
				GCC_WARN_64_TO_32_BIT_CONVERSION = YES;
				GCC_WARN_ABOUT_RETURN_TYPE = YES_ERROR;
				GCC_WARN_UNDECLARED_SELECTOR = YES;
				GCC_WARN_UNINITIALIZED_AUTOS = YES_AGGRESSIVE;
				GCC_WARN_UNUSED_FUNCTION = YES;
				GCC_WARN_UNUSED_VARIABLE = YES;
				LOCALIZATION_PREFERS_STRING_CATALOGS = YES;
				MTL_ENABLE_DEBUG_INFO = NO;
				MTL_FAST_MATH = YES;
				SWIFT_COMPILATION_MODE = wholemodule;
			};
			name = Release;
		};
		4E3B27712D25A719008902FD /* Debug */ = {
			isa = XCBuildConfiguration;
			buildSettings = {
				CODE_SIGN_STYLE = Automatic;
				CURRENT_PROJECT_VERSION = 1;
				DEVELOPMENT_TEAM = PDB6JZ59YQ;
				GENERATE_INFOPLIST_FILE = YES;
				INFOPLIST_FILE = "iOS (Extension)/Info.plist";
				INFOPLIST_KEY_CFBundleDisplayName = "Syrup Extension";
				INFOPLIST_KEY_NSHumanReadableCopyright = "";
				IPHONEOS_DEPLOYMENT_TARGET = 15.0;
				LD_RUNPATH_SEARCH_PATHS = (
					"$(inherited)",
					"@executable_path/Frameworks",
					"@executable_path/../../Frameworks",
				);
				MARKETING_VERSION = 1.0;
				OTHER_LDFLAGS = (
					"-framework",
					SafariServices,
				);
				PRODUCT_BUNDLE_IDENTIFIER = com.abstra208.Syrup.Extension;
				PRODUCT_NAME = "Syrup Extension";
				SDKROOT = iphoneos;
				SKIP_INSTALL = YES;
				SWIFT_EMIT_LOC_STRINGS = YES;
				SWIFT_VERSION = 5.0;
				TARGETED_DEVICE_FAMILY = "1,2";
			};
			name = Debug;
		};
		4E3B27722D25A719008902FD /* Release */ = {
			isa = XCBuildConfiguration;
			buildSettings = {
				CODE_SIGN_STYLE = Automatic;
				CURRENT_PROJECT_VERSION = 1;
				DEVELOPMENT_TEAM = PDB6JZ59YQ;
				GENERATE_INFOPLIST_FILE = YES;
				INFOPLIST_FILE = "iOS (Extension)/Info.plist";
				INFOPLIST_KEY_CFBundleDisplayName = "Syrup Extension";
				INFOPLIST_KEY_NSHumanReadableCopyright = "";
				IPHONEOS_DEPLOYMENT_TARGET = 15.0;
				LD_RUNPATH_SEARCH_PATHS = (
					"$(inherited)",
					"@executable_path/Frameworks",
					"@executable_path/../../Frameworks",
				);
				MARKETING_VERSION = 1.0;
				OTHER_LDFLAGS = (
					"-framework",
					SafariServices,
				);
				PRODUCT_BUNDLE_IDENTIFIER = com.abstra208.Syrup.Extension;
				PRODUCT_NAME = "Syrup Extension";
				SDKROOT = iphoneos;
				SKIP_INSTALL = YES;
				SWIFT_EMIT_LOC_STRINGS = YES;
				SWIFT_VERSION = 5.0;
				TARGETED_DEVICE_FAMILY = "1,2";
				VALIDATE_PRODUCT = YES;
			};
			name = Release;
		};
		4E3B27752D25A719008902FD /* Debug */ = {
			isa = XCBuildConfiguration;
			buildSettings = {
				ASSETCATALOG_COMPILER_APPICON_NAME = AppIcon;
				ASSETCATALOG_COMPILER_GLOBAL_ACCENT_COLOR_NAME = AccentColor;
				CODE_SIGN_STYLE = Automatic;
				CURRENT_PROJECT_VERSION = 1;
				DEVELOPMENT_TEAM = PDB6JZ59YQ;
				GENERATE_INFOPLIST_FILE = YES;
				INFOPLIST_FILE = "iOS (App)/Info.plist";
				INFOPLIST_KEY_CFBundleDisplayName = Syrup;
				INFOPLIST_KEY_UIApplicationSupportsIndirectInputEvents = YES;
				INFOPLIST_KEY_UILaunchStoryboardName = LaunchScreen;
				INFOPLIST_KEY_UIMainStoryboardFile = Main;
				INFOPLIST_KEY_UISupportedInterfaceOrientations = "UIInterfaceOrientationPortrait UIInterfaceOrientationLandscapeLeft UIInterfaceOrientationLandscapeRight";
				INFOPLIST_KEY_UISupportedInterfaceOrientations_iPad = "UIInterfaceOrientationPortrait UIInterfaceOrientationPortraitUpsideDown UIInterfaceOrientationLandscapeLeft UIInterfaceOrientationLandscapeRight";
				IPHONEOS_DEPLOYMENT_TARGET = 15.0;
				LD_RUNPATH_SEARCH_PATHS = (
					"$(inherited)",
					"@executable_path/Frameworks",
				);
				MARKETING_VERSION = 1.0;
				OTHER_LDFLAGS = (
					"-framework",
					SafariServices,
					"-framework",
					WebKit,
				);
				PRODUCT_BUNDLE_IDENTIFIER = com.abstra208.Syrup;
				PRODUCT_NAME = Syrup;
				SDKROOT = iphoneos;
				SWIFT_EMIT_LOC_STRINGS = YES;
				SWIFT_VERSION = 5.0;
				TARGETED_DEVICE_FAMILY = "1,2";
			};
			name = Debug;
		};
		4E3B27762D25A719008902FD /* Release */ = {
			isa = XCBuildConfiguration;
			buildSettings = {
				ASSETCATALOG_COMPILER_APPICON_NAME = AppIcon;
				ASSETCATALOG_COMPILER_GLOBAL_ACCENT_COLOR_NAME = AccentColor;
				CODE_SIGN_STYLE = Automatic;
				CURRENT_PROJECT_VERSION = 1;
				DEVELOPMENT_TEAM = PDB6JZ59YQ;
				GENERATE_INFOPLIST_FILE = YES;
				INFOPLIST_FILE = "iOS (App)/Info.plist";
				INFOPLIST_KEY_CFBundleDisplayName = Syrup;
				INFOPLIST_KEY_UIApplicationSupportsIndirectInputEvents = YES;
				INFOPLIST_KEY_UILaunchStoryboardName = LaunchScreen;
				INFOPLIST_KEY_UIMainStoryboardFile = Main;
				INFOPLIST_KEY_UISupportedInterfaceOrientations = "UIInterfaceOrientationPortrait UIInterfaceOrientationLandscapeLeft UIInterfaceOrientationLandscapeRight";
				INFOPLIST_KEY_UISupportedInterfaceOrientations_iPad = "UIInterfaceOrientationPortrait UIInterfaceOrientationPortraitUpsideDown UIInterfaceOrientationLandscapeLeft UIInterfaceOrientationLandscapeRight";
				IPHONEOS_DEPLOYMENT_TARGET = 15.0;
				LD_RUNPATH_SEARCH_PATHS = (
					"$(inherited)",
					"@executable_path/Frameworks",
				);
				MARKETING_VERSION = 1.0;
				OTHER_LDFLAGS = (
					"-framework",
					SafariServices,
					"-framework",
					WebKit,
				);
				PRODUCT_BUNDLE_IDENTIFIER = com.abstra208.Syrup;
				PRODUCT_NAME = Syrup;
				SDKROOT = iphoneos;
				SWIFT_EMIT_LOC_STRINGS = YES;
				SWIFT_VERSION = 5.0;
				TARGETED_DEVICE_FAMILY = "1,2";
				VALIDATE_PRODUCT = YES;
			};
			name = Release;
		};
		4E3B27782D25A719008902FD /* Debug */ = {
			isa = XCBuildConfiguration;
			buildSettings = {
				CODE_SIGN_ENTITLEMENTS = "macOS (Extension)/Syrup.entitlements";
				"CODE_SIGN_IDENTITY[sdk=macosx*]" = "-";
				CODE_SIGN_STYLE = Automatic;
				CURRENT_PROJECT_VERSION = 1;
				DEVELOPMENT_TEAM = PDB6JZ59YQ;
				ENABLE_HARDENED_RUNTIME = YES;
				GENERATE_INFOPLIST_FILE = YES;
				INFOPLIST_FILE = "macOS (Extension)/Info.plist";
				INFOPLIST_KEY_CFBundleDisplayName = "Syrup Extension";
				INFOPLIST_KEY_NSHumanReadableCopyright = "";
				LD_RUNPATH_SEARCH_PATHS = (
					"$(inherited)",
					"@executable_path/../Frameworks",
					"@executable_path/../../../../Frameworks",
				);
				MACOSX_DEPLOYMENT_TARGET = 10.14;
				MARKETING_VERSION = 1.0;
				OTHER_LDFLAGS = (
					"-framework",
					SafariServices,
				);
				PRODUCT_BUNDLE_IDENTIFIER = com.abstra208.Syrup.Extension;
				PRODUCT_NAME = "Syrup Extension";
				SDKROOT = macosx;
				SKIP_INSTALL = YES;
				SWIFT_EMIT_LOC_STRINGS = YES;
				SWIFT_VERSION = 5.0;
			};
			name = Debug;
		};
		4E3B27792D25A719008902FD /* Release */ = {
			isa = XCBuildConfiguration;
			buildSettings = {
				CODE_SIGN_ENTITLEMENTS = "macOS (Extension)/Syrup.entitlements";
				"CODE_SIGN_IDENTITY[sdk=macosx*]" = "-";
				CODE_SIGN_STYLE = Automatic;
				CURRENT_PROJECT_VERSION = 1;
				DEVELOPMENT_TEAM = PDB6JZ59YQ;
				ENABLE_HARDENED_RUNTIME = YES;
				GENERATE_INFOPLIST_FILE = YES;
				INFOPLIST_FILE = "macOS (Extension)/Info.plist";
				INFOPLIST_KEY_CFBundleDisplayName = "Syrup Extension";
				INFOPLIST_KEY_NSHumanReadableCopyright = "";
				LD_RUNPATH_SEARCH_PATHS = (
					"$(inherited)",
					"@executable_path/../Frameworks",
					"@executable_path/../../../../Frameworks",
				);
				MACOSX_DEPLOYMENT_TARGET = 10.14;
				MARKETING_VERSION = 1.0;
				OTHER_LDFLAGS = (
					"-framework",
					SafariServices,
				);
				PRODUCT_BUNDLE_IDENTIFIER = com.abstra208.Syrup.Extension;
				PRODUCT_NAME = "Syrup Extension";
				SDKROOT = macosx;
				SKIP_INSTALL = YES;
				SWIFT_EMIT_LOC_STRINGS = YES;
				SWIFT_VERSION = 5.0;
			};
			name = Release;
		};
		4E3B277C2D25A719008902FD /* Debug */ = {
			isa = XCBuildConfiguration;
			buildSettings = {
				ASSETCATALOG_COMPILER_APPICON_NAME = AppIcon;
				ASSETCATALOG_COMPILER_GLOBAL_ACCENT_COLOR_NAME = AccentColor;
				CODE_SIGN_ENTITLEMENTS = "macOS (App)/Syrup.entitlements";
				"CODE_SIGN_IDENTITY[sdk=macosx*]" = "-";
				CODE_SIGN_STYLE = Automatic;
				CURRENT_PROJECT_VERSION = 1;
				DEVELOPMENT_TEAM = PDB6JZ59YQ;
				ENABLE_HARDENED_RUNTIME = YES;
				GENERATE_INFOPLIST_FILE = YES;
				INFOPLIST_FILE = "macOS (App)/Info.plist";
				INFOPLIST_KEY_CFBundleDisplayName = Syrup;
				INFOPLIST_KEY_NSMainStoryboardFile = Main;
				INFOPLIST_KEY_NSPrincipalClass = NSApplication;
				LD_RUNPATH_SEARCH_PATHS = (
					"$(inherited)",
					"@executable_path/../Frameworks",
				);
				MACOSX_DEPLOYMENT_TARGET = 10.14;
				MARKETING_VERSION = 1.0;
				OTHER_LDFLAGS = (
					"-framework",
					SafariServices,
					"-framework",
					WebKit,
				);
				PRODUCT_BUNDLE_IDENTIFIER = com.abstra208.Syrup;
				PRODUCT_NAME = Syrup;
				SDKROOT = macosx;
				SWIFT_EMIT_LOC_STRINGS = YES;
				SWIFT_VERSION = 5.0;
			};
			name = Debug;
		};
		4E3B277D2D25A719008902FD /* Release */ = {
			isa = XCBuildConfiguration;
			buildSettings = {
				ASSETCATALOG_COMPILER_APPICON_NAME = AppIcon;
				ASSETCATALOG_COMPILER_GLOBAL_ACCENT_COLOR_NAME = AccentColor;
				CODE_SIGN_ENTITLEMENTS = "macOS (App)/Syrup.entitlements";
				"CODE_SIGN_IDENTITY[sdk=macosx*]" = "-";
				CODE_SIGN_STYLE = Automatic;
				CURRENT_PROJECT_VERSION = 1;
				DEVELOPMENT_TEAM = PDB6JZ59YQ;
				ENABLE_HARDENED_RUNTIME = YES;
				GENERATE_INFOPLIST_FILE = YES;
				INFOPLIST_FILE = "macOS (App)/Info.plist";
				INFOPLIST_KEY_CFBundleDisplayName = Syrup;
				INFOPLIST_KEY_NSMainStoryboardFile = Main;
				INFOPLIST_KEY_NSPrincipalClass = NSApplication;
				LD_RUNPATH_SEARCH_PATHS = (
					"$(inherited)",
					"@executable_path/../Frameworks",
				);
				MACOSX_DEPLOYMENT_TARGET = 10.14;
				MARKETING_VERSION = 1.0;
				OTHER_LDFLAGS = (
					"-framework",
					SafariServices,
					"-framework",
					WebKit,
				);
				PRODUCT_BUNDLE_IDENTIFIER = com.abstra208.Syrup;
				PRODUCT_NAME = Syrup;
				SDKROOT = macosx;
				SWIFT_EMIT_LOC_STRINGS = YES;
				SWIFT_VERSION = 5.0;
			};
			name = Release;
		};
/* End XCBuildConfiguration section */

/* Begin XCConfigurationList section */
		4E3B27202D25A718008902FD /* Build configuration list for PBXProject "Syrup" */ = {
			isa = XCConfigurationList;
			buildConfigurations = (
				4E3B276E2D25A719008902FD /* Debug */,
				4E3B276F2D25A719008902FD /* Release */,
			);
			defaultConfigurationIsVisible = 0;
			defaultConfigurationName = Release;
		};
		4E3B27702D25A719008902FD /* Build configuration list for PBXNativeTarget "Syrup Extension (iOS)" */ = {
			isa = XCConfigurationList;
			buildConfigurations = (
				4E3B27712D25A719008902FD /* Debug */,
				4E3B27722D25A719008902FD /* Release */,
			);
			defaultConfigurationIsVisible = 0;
			defaultConfigurationName = Release;
		};
		4E3B27742D25A719008902FD /* Build configuration list for PBXNativeTarget "Syrup (iOS)" */ = {
			isa = XCConfigurationList;
			buildConfigurations = (
				4E3B27752D25A719008902FD /* Debug */,
				4E3B27762D25A719008902FD /* Release */,
			);
			defaultConfigurationIsVisible = 0;
			defaultConfigurationName = Release;
		};
		4E3B27772D25A719008902FD /* Build configuration list for PBXNativeTarget "Syrup Extension (macOS)" */ = {
			isa = XCConfigurationList;
			buildConfigurations = (
				4E3B27782D25A719008902FD /* Debug */,
				4E3B27792D25A719008902FD /* Release */,
			);
			defaultConfigurationIsVisible = 0;
			defaultConfigurationName = Release;
		};
		4E3B277B2D25A719008902FD /* Build configuration list for PBXNativeTarget "Syrup (macOS)" */ = {
			isa = XCConfigurationList;
			buildConfigurations = (
				4E3B277C2D25A719008902FD /* Debug */,
				4E3B277D2D25A719008902FD /* Release */,
			);
			defaultConfigurationIsVisible = 0;
			defaultConfigurationName = Release;
		};
/* End XCConfigurationList section */
	};
	rootObject = 4E3B271D2D25A718008902FD /* Project object */;
}
